{
  "name": "portfolio",
  "lockfileVersion": 3,
  "requires": true,
  "packages": {
    "": {
      "dependencies": {
        "bulma": "^1.0.2",
        "bulma-carousel": "^4.0.24"
      }
    },
    "node_modules/bulma": {
      "version": "1.0.2",
      "resolved": "https://registry.npmjs.org/bulma/-/bulma-1.0.2.tgz",
      "integrity": "sha512-D7GnDuF6seb6HkcnRMM9E739QpEY9chDzzeFrHMyEns/EXyDJuQ0XA0KxbBl/B2NTsKSoDomW61jFGFaAxhK5A=="
    },
    "node_modules/bulma-carousel": {
      "version": "4.0.24",
      "resolved": "https://registry.npmjs.org/bulma-carousel/-/bulma-carousel-4.0.24.tgz",
      "integrity": "sha512-DLYKmf/iHH8yAQSo8+O/cQvSVSAo15f+XmbiQvAvu5hUJs5O8I40RbZqrF9OougNs4n4JMokPEIBUiDGAsFuRA==",
      "license": "MIT"
    }
  }
}
